
Microsoft Visual Studio Solution File, Format Version 12.00
# Visual Studio Version 16
VisualStudioVersion = 16.0.28729.10
MinimumVisualStudioVersion = 10.0.40219.1
Project("{9A19103F-16F7-4668-BE54-9A1E7A4F7556}") = "jQuery-File-Upload.AspNetCoreMvc", "src\jQuery-File-Upload.AspNetCoreMvc\jQuery-File-Upload.AspNetCoreMvc.csproj", "{D0111B09-4EC8-49F0-BAFF-62CF6985D783}"
EndProject
Project("{2150E333-8FDC-42A3-9474-1A3956D46DE8}") = "Solution Items", "Solution Items", "{150CD2C2-0737-492B-9C01-C5A0ED899016}"
	ProjectSection(SolutionItems) = preProject
		global.json = global.json
	EndProjectSection
EndProject
Global
	GlobalSection(SolutionConfigurationPlatforms) = preSolution
		Debug|Any CPU = Debug|Any CPU
		Release|Any CPU = Release|Any CPU
	EndGlobalSection
	GlobalSection(ProjectConfigurationPlatforms) = postSolution
		{D0111B09-4EC8-49F0-BAFF-62CF6985D783}.Debug|Any CPU.ActiveCfg = Debug|Any CPU
		{D0111B09-4EC8-49F0-BAFF-62CF6985D783}.Debug|Any CPU.Build.0 = Debug|Any CPU
		{D0111B09-4EC8-49F0-BAFF-62CF6985D783}.Release|Any CPU.ActiveCfg = Release|Any CPU
		{D0111B09-4EC8-49F0-BAFF-62CF6985D783}.Release|Any CPU.Build.0 = Release|Any CPU
	EndGlobalSection
	GlobalSection(SolutionProperties) = preSolution
		HideSolutionNode = FALSE
	EndGlobalSection
	GlobalSection(ExtensibilityGlobals) = postSolution
		SolutionGuid = {5BCD63AE-3CF8-49F1-833B-290BE18242AE}
	EndGlobalSection
EndGlobal
